
Microsoft Visual Studio Solution File, Format Version 12.00
# Visual Studio 14
VisualStudioVersion = 14.0.23107.0
MinimumVisualStudioVersion = 10.0.40219.1
Project("{FAE04EC0-301F-11D3-BF4B-00C04F79EFBC}") = "GameOfLife", "Rabbits'n'Foxes_GameOfLife\GameOfLife.csproj", "{93BBA3BF-A77A-4A17-872A-5DF726A8BEF5}"
EndProject
Project("{2150E333-8FDC-42A3-9474-1A3956D46DE8}") = "Solution Items", "Solution Items", "{19560CEF-C3B4-4B7F-A872-68E80977556C}"
	ProjectSection(SolutionItems) = preProject
		.gitattributes = .gitattributes
		.gitignore = .gitignore
		README.md = README.md
	EndProjectSection
EndProject
Project("{FAE04EC0-301F-11D3-BF4B-00C04F79EFBC}") = "Tester", "Tester\Tester.csproj", "{2D70747A-FD53-434E-BFE0-21328C00DF69}"
EndProject
Global
	GlobalSection(SolutionConfigurationPlatforms) = preSolution
		Debug|Any CPU = Debug|Any CPU
		Debug|x64 = Debug|x64
		Release|Any CPU = Release|Any CPU
		Release|x64 = Release|x64
	EndGlobalSection
	GlobalSection(ProjectConfigurationPlatforms) = postSolution
		{93BBA3BF-A77A-4A17-872A-5DF726A8BEF5}.Debug|Any CPU.ActiveCfg = Debug|Any CPU
		{93BBA3BF-A77A-4A17-872A-5DF726A8BEF5}.Debug|Any CPU.Build.0 = Debug|Any CPU
		{93BBA3BF-A77A-4A17-872A-5DF726A8BEF5}.Debug|x64.ActiveCfg = Debug|x64
		{93BBA3BF-A77A-4A17-872A-5DF726A8BEF5}.Debug|x64.Build.0 = Debug|x64
		{93BBA3BF-A77A-4A17-872A-5DF726A8BEF5}.Release|Any CPU.ActiveCfg = Release|Any CPU
		{93BBA3BF-A77A-4A17-872A-5DF726A8BEF5}.Release|Any CPU.Build.0 = Release|Any CPU
		{93BBA3BF-A77A-4A17-872A-5DF726A8BEF5}.Release|x64.ActiveCfg = Release|x64
		{93BBA3BF-A77A-4A17-872A-5DF726A8BEF5}.Release|x64.Build.0 = Release|x64
		{2D70747A-FD53-434E-BFE0-21328C00DF69}.Debug|Any CPU.ActiveCfg = Debug|Any CPU
		{2D70747A-FD53-434E-BFE0-21328C00DF69}.Debug|Any CPU.Build.0 = Debug|Any CPU
		{2D70747A-FD53-434E-BFE0-21328C00DF69}.Debug|x64.ActiveCfg = Debug|Any CPU
		{2D70747A-FD53-434E-BFE0-21328C00DF69}.Debug|x64.Build.0 = Debug|Any CPU
		{2D70747A-FD53-434E-BFE0-21328C00DF69}.Release|Any CPU.ActiveCfg = Release|Any CPU
		{2D70747A-FD53-434E-BFE0-21328C00DF69}.Release|Any CPU.Build.0 = Release|Any CPU
		{2D70747A-FD53-434E-BFE0-21328C00DF69}.Release|x64.ActiveCfg = Release|Any CPU
		{2D70747A-FD53-434E-BFE0-21328C00DF69}.Release|x64.Build.0 = Release|Any CPU
	EndGlobalSection
	GlobalSection(SolutionProperties) = preSolution
		HideSolutionNode = FALSE
	EndGlobalSection
EndGlobal
